// !$*UTF8*$!
{
	archiveVersion = 1;
	classes = {
	};
	objectVersion = 50;
	objects = {

/* Begin PBXBuildFile section */
		03C1CA67217E25E9004240AB /* AppDelegate.swift in Sources */ = {isa = PBXBuildFile; fileRef = 03C1CA66217E25E9004240AB /* AppDelegate.swift */; };
		03C1CA69217E25E9004240AB /* CategoriesVC.swift in Sources */ = {isa = PBXBuildFile; fileRef = 03C1CA68217E25E9004240AB /* CategoriesVC.swift */; };
		03C1CA6C217E25E9004240AB /* Main.storyboard in Resources */ = {isa = PBXBuildFile; fileRef = 03C1CA6A217E25E9004240AB /* Main.storyboard */; };
		03C1CA6E217E25EA004240AB /* Assets.xcassets in Resources */ = {isa = PBXBuildFile; fileRef = 03C1CA6D217E25EA004240AB /* Assets.xcassets */; };
		03C1CA71217E25EA004240AB /* LaunchScreen.storyboard in Resources */ = {isa = PBXBuildFile; fileRef = 03C1CA6F217E25EA004240AB /* LaunchScreen.storyboard */; };
		03C1CA7C217E30A7004240AB /* CategoryCell.swift in Sources */ = {isa = PBXBuildFile; fileRef = 03C1CA7B217E30A7004240AB /* CategoryCell.swift */; };
		03C1CA80217E35CC004240AB /* Category.swift in Sources */ = {isa = PBXBuildFile; fileRef = 03C1CA7F217E35CC004240AB /* Category.swift */; };
		03C1CA83217E3804004240AB /* DataService.swift in Sources */ = {isa = PBXBuildFile; fileRef = 03C1CA82217E3804004240AB /* DataService.swift */; };
/* End PBXBuildFile section */

/* Begin PBXFileReference section */
		03C1CA63217E25E9004240AB /* coderswag.app */ = {isa = PBXFileReference; explicitFileType = wrapper.application; includeInIndex = 0; path = coderswag.app; sourceTree = BUILT_PRODUCTS_DIR; };
		03C1CA66217E25E9004240AB /* AppDelegate.swift */ = {isa = PBXFileReference; lastKnownFileType = sourcecode.swift; path = AppDelegate.swift; sourceTree = "<group>"; };
		03C1CA68217E25E9004240AB /* CategoriesVC.swift */ = {isa = PBXFileReference; lastKnownFileType = sourcecode.swift; path = CategoriesVC.swift; sourceTree = "<group>"; };
		03C1CA6B217E25E9004240AB /* Base */ = {isa = PBXFileReference; lastKnownFileType = file.storyboard; name = Base; path = Base.lproj/Main.storyboard; sourceTree = "<group>"; };
		03C1CA6D217E25EA004240AB /* Assets.xcassets */ = {isa = PBXFileReference; lastKnownFileType = folder.assetcatalog; path = Assets.xcassets; sourceTree = "<group>"; };
		03C1CA70217E25EA004240AB /* Base */ = {isa = PBXFileReference; lastKnownFileType = file.storyboard; name = Base; path = Base.lproj/LaunchScreen.storyboard; sourceTree = "<group>"; };
		03C1CA72217E25EA004240AB /* Info.plist */ = {isa = PBXFileReference; lastKnownFileType = text.plist.xml; path = Info.plist; sourceTree = "<group>"; };
		03C1CA7B217E30A7004240AB /* CategoryCell.swift */ = {isa = PBXFileReference; lastKnownFileType = sourcecode.swift; path = CategoryCell.swift; sourceTree = "<group>"; };
		03C1CA7F217E35CC004240AB /* Category.swift */ = {isa = PBXFileReference; lastKnownFileType = sourcecode.swift; path = Category.swift; sourceTree = "<group>"; };
		03C1CA82217E3804004240AB /* DataService.swift */ = {isa = PBXFileReference; lastKnownFileType = sourcecode.swift; path = DataService.swift; sourceTree = "<group>"; };
/* End PBXFileReference section */

/* Begin PBXFrameworksBuildPhase section */
		03C1CA60217E25E9004240AB /* Frameworks */ = {
			isa = PBXFrameworksBuildPhase;
			buildActionMask = 2147483647;
			files = (
			);
			runOnlyForDeploymentPostprocessing = 0;
		};
/* End PBXFrameworksBuildPhase section */

/* Begin PBXGroup section */
		03C1CA5A217E25E9004240AB = {
			isa = PBXGroup;
			children = (
				03C1CA65217E25E9004240AB /* coderswag */,
				03C1CA64217E25E9004240AB /* Products */,
			);
			sourceTree = "<group>";
		};
		03C1CA64217E25E9004240AB /* Products */ = {
			isa = PBXGroup;
			children = (
				03C1CA63217E25E9004240AB /* coderswag.app */,
			);
			name = Products;
			sourceTree = "<group>";
		};
		03C1CA65217E25E9004240AB /* coderswag */ = {
			isa = PBXGroup;
			children = (
				03C1CA81217E37F8004240AB /* Services */,
				03C1CA7A217E303D004240AB /* View */,
				03C1CA79217E3028004240AB /* Model */,
				03C1CA78217E301D004240AB /* Controller */,
				03C1CA66217E25E9004240AB /* AppDelegate.swift */,
				03C1CA6A217E25E9004240AB /* Main.storyboard */,
				03C1CA6D217E25EA004240AB /* Assets.xcassets */,
				03C1CA6F217E25EA004240AB /* LaunchScreen.storyboard */,
				03C1CA72217E25EA004240AB /* Info.plist */,
			);
			path = coderswag;
			sourceTree = "<group>";
		};
		03C1CA78217E301D004240AB /* Controller */ = {
			isa = PBXGroup;
			children = (
				03C1CA68217E25E9004240AB /* CategoriesVC.swift */,
			);
			path = Controller;
			sourceTree = "<group>";
		};
		03C1CA79217E3028004240AB /* Model */ = {
			isa = PBXGroup;
			children = (
				03C1CA7F217E35CC004240AB /* Category.swift */,
			);
			path = Model;
			sourceTree = "<group>";
		};
		03C1CA7A217E303D004240AB /* View */ = {
			isa = PBXGroup;
			children = (
				03C1CA7B217E30A7004240AB /* CategoryCell.swift */,
			);
			path = View;
			sourceTree = "<group>";
		};
		03C1CA81217E37F8004240AB /* Services */ = {
			isa = PBXGroup;
			children = (
				03C1CA82217E3804004240AB /* DataService.swift */,
			);
			path = Services;
			sourceTree = "<group>";
		};
/* End PBXGroup section */

/* Begin PBXNativeTarget section */
		03C1CA62217E25E9004240AB /* coderswag */ = {
			isa = PBXNativeTarget;
			buildConfigurationList = 03C1CA75217E25EA004240AB /* Build configuration list for PBXNativeTarget "coderswag" */;
			buildPhases = (
				03C1CA5F217E25E9004240AB /* Sources */,
				03C1CA60217E25E9004240AB /* Frameworks */,
				03C1CA61217E25E9004240AB /* Resources */,
			);
			buildRules = (
			);
			dependencies = (
			);
			name = coderswag;
			productName = coderswag;
			productReference = 03C1CA63217E25E9004240AB /* coderswag.app */;
			productType = "com.apple.product-type.application";
		};
/* End PBXNativeTarget section */

/* Begin PBXProject section */
		03C1CA5B217E25E9004240AB /* Project object */ = {
			isa = PBXProject;
			attributes = {
				LastSwiftUpdateCheck = 1000;
				LastUpgradeCheck = 1000;
				ORGANIZATIONNAME = "Petros Antoniou";
				TargetAttributes = {
					03C1CA62217E25E9004240AB = {
						CreatedOnToolsVersion = 10.0;
					};
				};
			};
			buildConfigurationList = 03C1CA5E217E25E9004240AB /* Build configuration list for PBXProject "coderswag" */;
			compatibilityVersion = "Xcode 9.3";
			developmentRegion = en;
			hasScannedForEncodings = 0;
			knownRegions = (
				en,
				Base,
			);
			mainGroup = 03C1CA5A217E25E9004240AB;
			productRefGroup = 03C1CA64217E25E9004240AB /* Products */;
			projectDirPath = "";
			projectRoot = "";
			targets = (
				03C1CA62217E25E9004240AB /* coderswag */,
			);
		};
/* End PBXProject section */

/* Begin PBXResourcesBuildPhase section */
		03C1CA61217E25E9004240AB /* Resources */ = {
			isa = PBXResourcesBuildPhase;
			buildActionMask = 2147483647;
			files = (
				03C1CA71217E25EA004240AB /* LaunchScreen.storyboard in Resources */,
				03C1CA6E217E25EA004240AB /* Assets.xcassets in Resources */,
				03C1CA6C217E25E9004240AB /* Main.storyboard in Resources */,
			);
			runOnlyForDeploymentPostprocessing = 0;
		};
/* End PBXResourcesBuildPhase section */

/* Begin PBXSourcesBuildPhase section */
		03C1CA5F217E25E9004240AB /* Sources */ = {
			isa = PBXSourcesBuildPhase;
			buildActionMask = 2147483647;
			files = (
				03C1CA69217E25E9004240AB /* CategoriesVC.swift in Sources */,
				03C1CA67217E25E9004240AB /* AppDelegate.swift in Sources */,
				03C1CA7C217E30A7004240AB /* CategoryCell.swift in Sources */,
				03C1CA80217E35CC004240AB /* Category.swift in Sources */,
				03C1CA83217E3804004240AB /* DataService.swift in Sources */,
			);
			runOnlyForDeploymentPostprocessing = 0;
		};
/* End PBXSourcesBuildPhase section */

/* Begin PBXVariantGroup section */
		03C1CA6A217E25E9004240AB /* Main.storyboard */ = {
			isa = PBXVariantGroup;
			children = (
				03C1CA6B217E25E9004240AB /* Base */,
			);
			name = Main.storyboard;
			sourceTree = "<group>";
		};
		03C1CA6F217E25EA004240AB /* LaunchScreen.storyboard */ = {
			isa = PBXVariantGroup;
			children = (
				03C1CA70217E25EA004240AB /* Base */,
			);
			name = LaunchScreen.storyboard;
			sourceTree = "<group>";
		};
/* End PBXVariantGroup section */

/* Begin XCBuildConfiguration section */
		03C1CA73217E25EA004240AB /* Debug */ = {
			isa = XCBuildConfiguration;
			buildSettings = {
				ALWAYS_SEARCH_USER_PATHS = NO;
				CLANG_ANALYZER_NONNULL = YES;
				CLANG_ANALYZER_NUMBER_OBJECT_CONVERSION = YES_AGGRESSIVE;
				CLANG_CXX_LANGUAGE_STANDARD = "gnu++14";
				CLANG_CXX_LIBRARY = "libc++";
				CLANG_ENABLE_MODULES = YES;
				CLANG_ENABLE_OBJC_ARC = YES;
				CLANG_ENABLE_OBJC_WEAK = YES;
				CLANG_WARN_BLOCK_CAPTURE_AUTORELEASING = YES;
				CLANG_WARN_BOOL_CONVERSION = YES;
				CLANG_WARN_COMMA = YES;
				CLANG_WARN_CONSTANT_CONVERSION = YES;
				CLANG_WARN_DEPRECATED_OBJC_IMPLEMENTATIONS = YES;
				CLANG_WARN_DIRECT_OBJC_ISA_USAGE = YES_ERROR;
				CLANG_WARN_DOCUMENTATION_COMMENTS = YES;
				CLANG_WARN_EMPTY_BODY = YES;
				CLANG_WARN_ENUM_CONVERSION = YES;
				CLANG_WARN_INFINITE_RECURSION = YES;
				CLANG_WARN_INT_CONVERSION = YES;
				CLANG_WARN_NON_LITERAL_NULL_CONVERSION = YES;
				CLANG_WARN_OBJC_IMPLICIT_RETAIN_SELF = YES;
				CLANG_WARN_OBJC_LITERAL_CONVERSION = YES;
				CLANG_WARN_OBJC_ROOT_CLASS = YES_ERROR;
				CLANG_WARN_RANGE_LOOP_ANALYSIS = YES;
				CLANG_WARN_STRICT_PROTOTYPES = YES;
				CLANG_WARN_SUSPICIOUS_MOVE = YES;
				CLANG_WARN_UNGUARDED_AVAILABILITY = YES_AGGRESSIVE;
				CLANG_WARN_UNREACHABLE_CODE = YES;
				CLANG_WARN__DUPLICATE_METHOD_MATCH = YES;
				CODE_SIGN_IDENTITY = "iPhone Developer";
				COPY_PHASE_STRIP = NO;
				DEBUG_INFORMATION_FORMAT = dwarf;
				ENABLE_STRICT_OBJC_MSGSEND = YES;
				ENABLE_TESTABILITY = YES;
				GCC_C_LANGUAGE_STANDARD = gnu11;
				GCC_DYNAMIC_NO_PIC = NO;
				GCC_NO_COMMON_BLOCKS = YES;
				GCC_OPTIMIZATION_LEVEL = 0;
				GCC_PREPROCESSOR_DEFINITIONS = (
					"DEBUG=1",
					"$(inherited)",
				);
				GCC_WARN_64_TO_32_BIT_CONVERSION = YES;
				GCC_WARN_ABOUT_RETURN_TYPE = YES_ERROR;
				GCC_WARN_UNDECLARED_SELECTOR = YES;
				GCC_WARN_UNINITIALIZED_AUTOS = YES_AGGRESSIVE;
				GCC_WARN_UNUSED_FUNCTION = YES;
				GCC_WARN_UNUSED_VARIABLE = YES;
				IPHONEOS_DEPLOYMENT_TARGET = 12.0;
				MTL_ENABLE_DEBUG_INFO = INCLUDE_SOURCE;
				MTL_FAST_MATH = YES;
				ONLY_ACTIVE_ARCH = YES;
				SDKROOT = iphoneos;
				SWIFT_ACTIVE_COMPILATION_CONDITIONS = DEBUG;
				SWIFT_OPTIMIZATION_LEVEL = "-Onone";
			};
			name = Debug;
		};
		03C1CA74217E25EA004240AB /* Release */ = {
			isa = XCBuildConfiguration;
			buildSettings = {
				ALWAYS_SEARCH_USER_PATHS = NO;
				CLANG_ANALYZER_NONNULL = YES;
				CLANG_ANALYZER_NUMBER_OBJECT_CONVERSION = YES_AGGRESSIVE;
				CLANG_CXX_LANGUAGE_STANDARD = "gnu++14";
				CLANG_CXX_LIBRARY = "libc++";
				CLANG_ENABLE_MODULES = YES;
				CLANG_ENABLE_OBJC_ARC = YES;
				CLANG_ENABLE_OBJC_WEAK = YES;
				CLANG_WARN_BLOCK_CAPTURE_AUTORELEASING = YES;
				CLANG_WARN_BOOL_CONVERSION = YES;
				CLANG_WARN_COMMA = YES;
				CLANG_WARN_CONSTANT_CONVERSION = YES;
				CLANG_WARN_DEPRECATED_OBJC_IMPLEMENTATIONS = YES;
				CLANG_WARN_DIRECT_OBJC_ISA_USAGE = YES_ERROR;
				CLANG_WARN_DOCUMENTATION_COMMENTS = YES;
				CLANG_WARN_EMPTY_BODY = YES;
				CLANG_WARN_ENUM_CONVERSION = YES;
				CLANG_WARN_INFINITE_RECURSION = YES;
				CLANG_WARN_INT_CONVERSION = YES;
				CLANG_WARN_NON_LITERAL_NULL_CONVERSION = YES;
				CLANG_WARN_OBJC_IMPLICIT_RETAIN_SELF = YES;
				CLANG_WARN_OBJC_LITERAL_CONVERSION = YES;
				CLANG_WARN_OBJC_ROOT_CLASS = YES_ERROR;
				CLANG_WARN_RANGE_LOOP_ANALYSIS = YES;
				CLANG_WARN_STRICT_PROTOTYPES = YES;
				CLANG_WARN_SUSPICIOUS_MOVE = YES;
				CLANG_WARN_UNGUARDED_AVAILABILITY = YES_AGGRESSIVE;
				CLANG_WARN_UNREACHABLE_CODE = YES;
				CLANG_WARN__DUPLICATE_METHOD_MATCH = YES;
				CODE_SIGN_IDENTITY = "iPhone Developer";
				COPY_PHASE_STRIP = NO;
				DEBUG_INFORMATION_FORMAT = "dwarf-with-dsym";
				ENABLE_NS_ASSERTIONS = NO;
				ENABLE_STRICT_OBJC_MSGSEND = YES;
				GCC_C_LANGUAGE_STANDARD = gnu11;
				GCC_NO_COMMON_BLOCKS = YES;
				GCC_WARN_64_TO_32_BIT_CONVERSION = YES;
				GCC_WARN_ABOUT_RETURN_TYPE = YES_ERROR;
				GCC_WARN_UNDECLARED_SELECTOR = YES;
				GCC_WARN_UNINITIALIZED_AUTOS = YES_AGGRESSIVE;
				GCC_WARN_UNUSED_FUNCTION = YES;
				GCC_WARN_UNUSED_VARIABLE = YES;
				IPHONEOS_DEPLOYMENT_TARGET = 12.0;
				MTL_ENABLE_DEBUG_INFO = NO;
				MTL_FAST_MATH = YES;
				SDKROOT = iphoneos;
				SWIFT_COMPILATION_MODE = wholemodule;
				SWIFT_OPTIMIZATION_LEVEL = "-O";
				VALIDATE_PRODUCT = YES;
			};
			name = Release;
		};
		03C1CA76217E25EA004240AB /* Debug */ = {
			isa = XCBuildConfiguration;
			buildSettings = {
				ASSETCATALOG_COMPILER_APPICON_NAME = AppIcon;
				CODE_SIGN_STYLE = Automatic;
				INFOPLIST_FILE = coderswag/Info.plist;
				LD_RUNPATH_SEARCH_PATHS = (
					"$(inherited)",
					"@executable_path/Frameworks",
				);
				PRODUCT_BUNDLE_IDENTIFIER = petros.coderswag;
				PRODUCT_NAME = "$(TARGET_NAME)";
				SWIFT_VERSION = 4.2;
				TARGETED_DEVICE_FAMILY = "1,2";
			};
			name = Debug;
		};
		03C1CA77217E25EA004240AB /* Release */ = {
			isa = XCBuildConfiguration;
			buildSettings = {
				ASSETCATALOG_COMPILER_APPICON_NAME = AppIcon;
				CODE_SIGN_STYLE = Automatic;
				INFOPLIST_FILE = coderswag/Info.plist;
				LD_RUNPATH_SEARCH_PATHS = (
					"$(inherited)",
					"@executable_path/Frameworks",
				);
				PRODUCT_BUNDLE_IDENTIFIER = petros.coderswag;
				PRODUCT_NAME = "$(TARGET_NAME)";
				SWIFT_VERSION = 4.2;
				TARGETED_DEVICE_FAMILY = "1,2";
			};
			name = Release;
		};
/* End XCBuildConfiguration section */

/* Begin XCConfigurationList section */
		03C1CA5E217E25E9004240AB /* Build configuration list for PBXProject "coderswag" */ = {
			isa = XCConfigurationList;
			buildConfigurations = (
				03C1CA73217E25EA004240AB /* Debug */,
				03C1CA74217E25EA004240AB /* Release */,
			);
			defaultConfigurationIsVisible = 0;
			defaultConfigurationName = Release;
		};
		03C1CA75217E25EA004240AB /* Build configuration list for PBXNativeTarget "coderswag" */ = {
			isa = XCConfigurationList;
			buildConfigurations = (
				03C1CA76217E25EA004240AB /* Debug */,
				03C1CA77217E25EA004240AB /* Release */,
			);
			defaultConfigurationIsVisible = 0;
			defaultConfigurationName = Release;
		};
/* End XCConfigurationList section */
	};
	rootObject = 03C1CA5B217E25E9004240AB /* Project object */;
}
